
Microsoft Visual Studio Solution File, Format Version 12.00
# Visual Studio Version 16
VisualStudioVersion = 16.0.30804.86
MinimumVisualStudioVersion = 10.0.40219.1
Project("{FAE04EC0-301F-11D3-BF4B-00C04F79EFBC}") = "TestSwitch.Android", "TestSwitch\TestSwitch.Android\TestSwitch.Android.csproj", "{FC902B6E-CC01-47D3-A194-3ABD9865DD82}"
EndProject
Project("{FAE04EC0-301F-11D3-BF4B-00C04F79EFBC}") = "TestSwitch.iOS", "TestSwitch\TestSwitch.iOS\TestSwitch.iOS.csproj", "{7798F191-BE08-419B-99C0-1F538E701EB2}"
EndProject
Project("{FAE04EC0-301F-11D3-BF4B-00C04F79EFBC}") = "TestSwitch", "TestSwitch\TestSwitch\TestSwitch.csproj", "{6FFEE4A8-BAE9-4491-81C5-D668764B0E0B}"
EndProject
Global
	GlobalSection(SolutionConfigurationPlatforms) = preSolution
		Debug|Any CPU = Debug|Any CPU
		Debug|iPhone = Debug|iPhone
		Debug|iPhoneSimulator = Debug|iPhoneSimulator
		Release|Any CPU = Release|Any CPU
		Release|iPhone = Release|iPhone
		Release|iPhoneSimulator = Release|iPhoneSimulator
	EndGlobalSection
	GlobalSection(ProjectConfigurationPlatforms) = postSolution
		{FC902B6E-CC01-47D3-A194-3ABD9865DD82}.Debug|Any CPU.ActiveCfg = Debug|Any CPU
		{FC902B6E-CC01-47D3-A194-3ABD9865DD82}.Debug|Any CPU.Build.0 = Debug|Any CPU
		{FC902B6E-CC01-47D3-A194-3ABD9865DD82}.Debug|Any CPU.Deploy.0 = Debug|Any CPU
		{FC902B6E-CC01-47D3-A194-3ABD9865DD82}.Debug|iPhone.ActiveCfg = Debug|Any CPU
		{FC902B6E-CC01-47D3-A194-3ABD9865DD82}.Debug|iPhone.Build.0 = Debug|Any CPU
		{FC902B6E-CC01-47D3-A194-3ABD9865DD82}.Debug|iPhone.Deploy.0 = Debug|Any CPU
		{FC902B6E-CC01-47D3-A194-3ABD9865DD82}.Debug|iPhoneSimulator.ActiveCfg = Debug|Any CPU
		{FC902B6E-CC01-47D3-A194-3ABD9865DD82}.Debug|iPhoneSimulator.Build.0 = Debug|Any CPU
		{FC902B6E-CC01-47D3-A194-3ABD9865DD82}.Debug|iPhoneSimulator.Deploy.0 = Debug|Any CPU
		{FC902B6E-CC01-47D3-A194-3ABD9865DD82}.Release|Any CPU.ActiveCfg = Release|Any CPU
		{FC902B6E-CC01-47D3-A194-3ABD9865DD82}.Release|Any CPU.Build.0 = Release|Any CPU
		{FC902B6E-CC01-47D3-A194-3ABD9865DD82}.Release|Any CPU.Deploy.0 = Release|Any CPU
		{FC902B6E-CC01-47D3-A194-3ABD9865DD82}.Release|iPhone.ActiveCfg = Release|Any CPU
		{FC902B6E-CC01-47D3-A194-3ABD9865DD82}.Release|iPhone.Build.0 = Release|Any CPU
		{FC902B6E-CC01-47D3-A194-3ABD9865DD82}.Release|iPhone.Deploy.0 = Release|Any CPU
		{FC902B6E-CC01-47D3-A194-3ABD9865DD82}.Release|iPhoneSimulator.ActiveCfg = Release|Any CPU
		{FC902B6E-CC01-47D3-A194-3ABD9865DD82}.Release|iPhoneSimulator.Build.0 = Release|Any CPU
		{FC902B6E-CC01-47D3-A194-3ABD9865DD82}.Release|iPhoneSimulator.Deploy.0 = Release|Any CPU
		{7798F191-BE08-419B-99C0-1F538E701EB2}.Debug|Any CPU.ActiveCfg = Debug|iPhone
		{7798F191-BE08-419B-99C0-1F538E701EB2}.Debug|Any CPU.Build.0 = Debug|iPhone
		{7798F191-BE08-419B-99C0-1F538E701EB2}.Debug|Any CPU.Deploy.0 = Debug|iPhone
		{7798F191-BE08-419B-99C0-1F538E701EB2}.Debug|iPhone.ActiveCfg = Debug|iPhone
		{7798F191-BE08-419B-99C0-1F538E701EB2}.Debug|iPhone.Build.0 = Debug|iPhone
		{7798F191-BE08-419B-99C0-1F538E701EB2}.Debug|iPhone.Deploy.0 = Debug|iPhone
		{7798F191-BE08-419B-99C0-1F538E701EB2}.Debug|iPhoneSimulator.ActiveCfg = Debug|iPhoneSimulator
		{7798F191-BE08-419B-99C0-1F538E701EB2}.Debug|iPhoneSimulator.Build.0 = Debug|iPhoneSimulator
		{7798F191-BE08-419B-99C0-1F538E701EB2}.Debug|iPhoneSimulator.Deploy.0 = Debug|iPhoneSimulator
		{7798F191-BE08-419B-99C0-1F538E701EB2}.Release|Any CPU.ActiveCfg = Release|iPhoneSimulator
		{7798F191-BE08-419B-99C0-1F538E701EB2}.Release|Any CPU.Build.0 = Release|iPhoneSimulator
		{7798F191-BE08-419B-99C0-1F538E701EB2}.Release|Any CPU.Deploy.0 = Release|iPhoneSimulator
		{7798F191-BE08-419B-99C0-1F538E701EB2}.Release|iPhone.ActiveCfg = Release|iPhone
		{7798F191-BE08-419B-99C0-1F538E701EB2}.Release|iPhone.Build.0 = Release|iPhone
		{7798F191-BE08-419B-99C0-1F538E701EB2}.Release|iPhone.Deploy.0 = Release|iPhone
		{7798F191-BE08-419B-99C0-1F538E701EB2}.Release|iPhoneSimulator.ActiveCfg = Release|iPhoneSimulator
		{7798F191-BE08-419B-99C0-1F538E701EB2}.Release|iPhoneSimulator.Build.0 = Release|iPhoneSimulator
		{7798F191-BE08-419B-99C0-1F538E701EB2}.Release|iPhoneSimulator.Deploy.0 = Release|iPhoneSimulator
		{6FFEE4A8-BAE9-4491-81C5-D668764B0E0B}.Debug|Any CPU.ActiveCfg = Debug|Any CPU
		{6FFEE4A8-BAE9-4491-81C5-D668764B0E0B}.Debug|Any CPU.Build.0 = Debug|Any CPU
		{6FFEE4A8-BAE9-4491-81C5-D668764B0E0B}.Debug|Any CPU.Deploy.0 = Debug|Any CPU
		{6FFEE4A8-BAE9-4491-81C5-D668764B0E0B}.Debug|iPhone.ActiveCfg = Debug|Any CPU
		{6FFEE4A8-BAE9-4491-81C5-D668764B0E0B}.Debug|iPhone.Build.0 = Debug|Any CPU
		{6FFEE4A8-BAE9-4491-81C5-D668764B0E0B}.Debug|iPhone.Deploy.0 = Debug|Any CPU
		{6FFEE4A8-BAE9-4491-81C5-D668764B0E0B}.Debug|iPhoneSimulator.ActiveCfg = Debug|Any CPU
		{6FFEE4A8-BAE9-4491-81C5-D668764B0E0B}.Debug|iPhoneSimulator.Build.0 = Debug|Any CPU
		{6FFEE4A8-BAE9-4491-81C5-D668764B0E0B}.Debug|iPhoneSimulator.Deploy.0 = Debug|Any CPU
		{6FFEE4A8-BAE9-4491-81C5-D668764B0E0B}.Release|Any CPU.ActiveCfg = Release|Any CPU
		{6FFEE4A8-BAE9-4491-81C5-D668764B0E0B}.Release|Any CPU.Build.0 = Release|Any CPU
		{6FFEE4A8-BAE9-4491-81C5-D668764B0E0B}.Release|Any CPU.Deploy.0 = Release|Any CPU
		{6FFEE4A8-BAE9-4491-81C5-D668764B0E0B}.Release|iPhone.ActiveCfg = Release|Any CPU
		{6FFEE4A8-BAE9-4491-81C5-D668764B0E0B}.Release|iPhone.Build.0 = Release|Any CPU
		{6FFEE4A8-BAE9-4491-81C5-D668764B0E0B}.Release|iPhone.Deploy.0 = Release|Any CPU
		{6FFEE4A8-BAE9-4491-81C5-D668764B0E0B}.Release|iPhoneSimulator.ActiveCfg = Release|Any CPU
		{6FFEE4A8-BAE9-4491-81C5-D668764B0E0B}.Release|iPhoneSimulator.Build.0 = Release|Any CPU
		{6FFEE4A8-BAE9-4491-81C5-D668764B0E0B}.Release|iPhoneSimulator.Deploy.0 = Release|Any CPU
	EndGlobalSection
	GlobalSection(SolutionProperties) = preSolution
		HideSolutionNode = FALSE
	EndGlobalSection
	GlobalSection(ExtensibilityGlobals) = postSolution
		SolutionGuid = {D22177C8-C04C-4F58-88D3-3580ADDD4647}
	EndGlobalSection
EndGlobal
